
Microsoft Visual Studio Solution File, Format Version 12.00
# Visual Studio Version 17
VisualStudioVersion = 17.11.35312.102
MinimumVisualStudioVersion = 10.0.40219.1
Project("{FAE04EC0-301F-11D3-BF4B-00C04F79EFBC}") = "Exercises", "Exercises.csproj", "{265FC60D-8A2E-4F5E-9F31-48A6D0B29377}"
EndProject
Global
	GlobalSection(SolutionConfigurationPlatforms) = preSolution
		Debug|Any CPU = Debug|Any CPU
		Release|Any CPU = Release|Any CPU
	EndGlobalSection
	GlobalSection(ProjectConfigurationPlatforms) = postSolution
		{265FC60D-8A2E-4F5E-9F31-48A6D0B29377}.Debug|Any CPU.ActiveCfg = Debug|Any CPU
		{265FC60D-8A2E-4F5E-9F31-48A6D0B29377}.Debug|Any CPU.Build.0 = Debug|Any CPU
		{265FC60D-8A2E-4F5E-9F31-48A6D0B29377}.Release|Any CPU.ActiveCfg = Release|Any CPU
		{265FC60D-8A2E-4F5E-9F31-48A6D0B29377}.Release|Any CPU.Build.0 = Release|Any CPU
	EndGlobalSection
	GlobalSection(SolutionProperties) = preSolution
		HideSolutionNode = FALSE
	EndGlobalSection
	GlobalSection(ExtensibilityGlobals) = postSolution
		SolutionGuid = {6A1F3C88-5F42-47E8-AB97-8129386E5799}
	EndGlobalSection
EndGlobal
